
Microsoft Visual Studio Solution File, Format Version 12.00
# Visual Studio Version 17
VisualStudioVersion = 17.8.34322.80
MinimumVisualStudioVersion = 10.0.40219.1
Project("{FAE04EC0-301F-11D3-BF4B-00C04F79EFBC}") = "web.card", "web.card\web.card.csproj", "{BB6E523B-12A0-4127-B48C-157356981D78}"
EndProject
Global
	GlobalSection(SolutionConfigurationPlatforms) = preSolution
		Debug|Any CPU = Debug|Any CPU
		Release|Any CPU = Release|Any CPU
	EndGlobalSection
	GlobalSection(ProjectConfigurationPlatforms) = postSolution
		{BB6E523B-12A0-4127-B48C-157356981D78}.Debug|Any CPU.ActiveCfg = Debug|Any CPU
		{BB6E523B-12A0-4127-B48C-157356981D78}.Debug|Any CPU.Build.0 = Debug|Any CPU
		{BB6E523B-12A0-4127-B48C-157356981D78}.Release|Any CPU.ActiveCfg = Release|Any CPU
		{BB6E523B-12A0-4127-B48C-157356981D78}.Release|Any CPU.Build.0 = Release|Any CPU
	EndGlobalSection
	GlobalSection(SolutionProperties) = preSolution
		HideSolutionNode = FALSE
	EndGlobalSection
	GlobalSection(ExtensibilityGlobals) = postSolution
		SolutionGuid = {AF3B0413-6D6E-435B-B9C7-CEDC7F385E3A}
	EndGlobalSection
EndGlobal
